
Microsoft Visual Studio Solution File, Format Version 12.00
# Visual Studio Version 17
VisualStudioVersion = 17.14.36202.13 d17.14
MinimumVisualStudioVersion = 10.0.40219.1
Project("{FAE04EC0-301F-11D3-BF4B-00C04F79EFBC}") = "Manhunt.Mobile", "Manhunt.Mobile.csproj", "{0C4BE4B1-433C-4F76-8CD4-D9ABE75CA5DC}"
EndProject
Global
	GlobalSection(SolutionConfigurationPlatforms) = preSolution
		Debug|Any CPU = Debug|Any CPU
		Release|Any CPU = Release|Any CPU
	EndGlobalSection
	GlobalSection(ProjectConfigurationPlatforms) = postSolution
		{0C4BE4B1-433C-4F76-8CD4-D9ABE75CA5DC}.Debug|Any CPU.ActiveCfg = Debug|Any CPU
		{0C4BE4B1-433C-4F76-8CD4-D9ABE75CA5DC}.Debug|Any CPU.Build.0 = Debug|Any CPU
		{0C4BE4B1-433C-4F76-8CD4-D9ABE75CA5DC}.Release|Any CPU.ActiveCfg = Release|Any CPU
		{0C4BE4B1-433C-4F76-8CD4-D9ABE75CA5DC}.Release|Any CPU.Build.0 = Release|Any CPU
	EndGlobalSection
	GlobalSection(SolutionProperties) = preSolution
		HideSolutionNode = FALSE
	EndGlobalSection
	GlobalSection(ExtensibilityGlobals) = postSolution
		SolutionGuid = {2A2EED46-CE8E-4AA2-9496-B79E193AA39C}
	EndGlobalSection
EndGlobal
